
Microsoft Visual Studio Solution File, Format Version 12.00
# Visual Studio 15
VisualStudioVersion = 15.0.27130.2036
MinimumVisualStudioVersion = 10.0.40219.1
Project("{FAE04EC0-301F-11D3-BF4B-00C04F79EFBC}") = "HandSchool.Android", "HandSchool\HandSchool.Android\HandSchool.Android.csproj", "{103B80AB-BC00-4415-AF9F-2A1023FECFE6}"
EndProject
Project("{FAE04EC0-301F-11D3-BF4B-00C04F79EFBC}") = "HandSchool.iOS", "HandSchool\HandSchool.iOS\HandSchool.iOS.csproj", "{35F425CB-46CD-4ABB-9004-EBED09BE5EB2}"
EndProject
Project("{FAE04EC0-301F-11D3-BF4B-00C04F79EFBC}") = "HandSchool.UWP", "HandSchool\HandSchool.UWP\HandSchool.UWP.csproj", "{DB443285-1CA4-4904-B57E-74F40007743F}"
EndProject
Project("{D954291E-2A0B-460D-934E-DC6B0785DB48}") = "HandSchool", "HandSchool\HandSchool\HandSchool.shproj", "{5336E020-94CE-463D-A157-92C876FF65FD}"
EndProject
Project("{D954291E-2A0B-460D-934E-DC6B0785DB48}") = "HandSchool.Views", "HandSchool\HandSchool\HandSchool.Views.shproj", "{5336E020-94CE-463D-A157-92C876FF65FF}"
EndProject
Project("{FAE04EC0-301F-11D3-BF4B-00C04F79EFBC}") = "HandSchool.UnitTest", "HandSchool\HandSchool.UnitTest\HandSchool.UnitTest.csproj", "{7525FE37-FD1F-48E6-A152-1F0AF9B3CDD0}"
EndProject
Global
	GlobalSection(SharedMSBuildProjectFiles) = preSolution
		HandSchool\HandSchool\HandSchool.projitems*{103b80ab-bc00-4415-af9f-2a1023fecfe6}*SharedItemsImports = 4
		HandSchool\HandSchool\HandSchool.Views.projitems*{103b80ab-bc00-4415-af9f-2a1023fecfe6}*SharedItemsImports = 4
		HandSchool\HandSchool\HandSchool.projitems*{35f425cb-46cd-4abb-9004-ebed09be5eb2}*SharedItemsImports = 4
		HandSchool\HandSchool\HandSchool.Views.projitems*{35f425cb-46cd-4abb-9004-ebed09be5eb2}*SharedItemsImports = 4
		HandSchool\HandSchool\HandSchool.projitems*{5336e020-94ce-463d-a157-92c876ff65fd}*SharedItemsImports = 13
		HandSchool\HandSchool\HandSchool.Views.projitems*{5336e020-94ce-463d-a157-92c876ff65ff}*SharedItemsImports = 13
		HandSchool\HandSchool\HandSchool.projitems*{7525fe37-fd1f-48e6-a152-1f0af9b3cdd0}*SharedItemsImports = 4
		HandSchool\HandSchool\HandSchool.Views.projitems*{7525fe37-fd1f-48e6-a152-1f0af9b3cdd0}*SharedItemsImports = 4
		HandSchool\HandSchool\HandSchool.projitems*{db443285-1ca4-4904-b57e-74f40007743f}*SharedItemsImports = 4
	EndGlobalSection
	GlobalSection(SolutionConfigurationPlatforms) = preSolution
		Ad-Hoc|Any CPU = Ad-Hoc|Any CPU
		Ad-Hoc|ARM = Ad-Hoc|ARM
		Ad-Hoc|iPhone = Ad-Hoc|iPhone
		Ad-Hoc|iPhoneSimulator = Ad-Hoc|iPhoneSimulator
		Ad-Hoc|x64 = Ad-Hoc|x64
		Ad-Hoc|x86 = Ad-Hoc|x86
		AppStore|Any CPU = AppStore|Any CPU
		AppStore|ARM = AppStore|ARM
		AppStore|iPhone = AppStore|iPhone
		AppStore|iPhoneSimulator = AppStore|iPhoneSimulator
		AppStore|x64 = AppStore|x64
		AppStore|x86 = AppStore|x86
		Debug|Any CPU = Debug|Any CPU
		Debug|ARM = Debug|ARM
		Debug|iPhone = Debug|iPhone
		Debug|iPhoneSimulator = Debug|iPhoneSimulator
		Debug|x64 = Debug|x64
		Debug|x86 = Debug|x86
		Release|Any CPU = Release|Any CPU
		Release|ARM = Release|ARM
		Release|iPhone = Release|iPhone
		Release|iPhoneSimulator = Release|iPhoneSimulator
		Release|x64 = Release|x64
		Release|x86 = Release|x86
	EndGlobalSection
	GlobalSection(ProjectConfigurationPlatforms) = postSolution
		{103B80AB-BC00-4415-AF9F-2A1023FECFE6}.Ad-Hoc|Any CPU.ActiveCfg = Release|Any CPU
		{103B80AB-BC00-4415-AF9F-2A1023FECFE6}.Ad-Hoc|Any CPU.Build.0 = Release|Any CPU
		{103B80AB-BC00-4415-AF9F-2A1023FECFE6}.Ad-Hoc|Any CPU.Deploy.0 = Release|Any CPU
		{103B80AB-BC00-4415-AF9F-2A1023FECFE6}.Ad-Hoc|ARM.ActiveCfg = Release|Any CPU
		{103B80AB-BC00-4415-AF9F-2A1023FECFE6}.Ad-Hoc|ARM.Build.0 = Release|Any CPU
		{103B80AB-BC00-4415-AF9F-2A1023FECFE6}.Ad-Hoc|ARM.Deploy.0 = Release|Any CPU
		{103B80AB-BC00-4415-AF9F-2A1023FECFE6}.Ad-Hoc|iPhone.ActiveCfg = Release|Any CPU
		{103B80AB-BC00-4415-AF9F-2A1023FECFE6}.Ad-Hoc|iPhone.Build.0 = Release|Any CPU
		{103B80AB-BC00-4415-AF9F-2A1023FECFE6}.Ad-Hoc|iPhone.Deploy.0 = Release|Any CPU
		{103B80AB-BC00-4415-AF9F-2A1023FECFE6}.Ad-Hoc|iPhoneSimulator.ActiveCfg = Release|Any CPU
		{103B80AB-BC00-4415-AF9F-2A1023FECFE6}.Ad-Hoc|iPhoneSimulator.Build.0 = Release|Any CPU
		{103B80AB-BC00-4415-AF9F-2A1023FECFE6}.Ad-Hoc|iPhoneSimulator.Deploy.0 = Release|Any CPU
		{103B80AB-BC00-4415-AF9F-2A1023FECFE6}.Ad-Hoc|x64.ActiveCfg = Release|Any CPU
		{103B80AB-BC00-4415-AF9F-2A1023FECFE6}.Ad-Hoc|x64.Build.0 = Release|Any CPU
		{103B80AB-BC00-4415-AF9F-2A1023FECFE6}.Ad-Hoc|x64.Deploy.0 = Release|Any CPU
		{103B80AB-BC00-4415-AF9F-2A1023FECFE6}.Ad-Hoc|x86.ActiveCfg = Release|Any CPU
		{103B80AB-BC00-4415-AF9F-2A1023FECFE6}.Ad-Hoc|x86.Build.0 = Release|Any CPU
		{103B80AB-BC00-4415-AF9F-2A1023FECFE6}.Ad-Hoc|x86.Deploy.0 = Release|Any CPU
		{103B80AB-BC00-4415-AF9F-2A1023FECFE6}.AppStore|Any CPU.ActiveCfg = Release|Any CPU
		{103B80AB-BC00-4415-AF9F-2A1023FECFE6}.AppStore|Any CPU.Build.0 = Release|Any CPU
		{103B80AB-BC00-4415-AF9F-2A1023FECFE6}.AppStore|Any CPU.Deploy.0 = Release|Any CPU
		{103B80AB-BC00-4415-AF9F-2A1023FECFE6}.AppStore|ARM.ActiveCfg = Release|Any CPU
		{103B80AB-BC00-4415-AF9F-2A1023FECFE6}.AppStore|ARM.Build.0 = Release|Any CPU
		{103B80AB-BC00-4415-AF9F-2A1023FECFE6}.AppStore|ARM.Deploy.0 = Release|Any CPU
		{103B80AB-BC00-4415-AF9F-2A1023FECFE6}.AppStore|iPhone.ActiveCfg = Release|Any CPU
		{103B80AB-BC00-4415-AF9F-2A1023FECFE6}.AppStore|iPhone.Build.0 = Release|Any CPU
		{103B80AB-BC00-4415-AF9F-2A1023FECFE6}.AppStore|iPhone.Deploy.0 = Release|Any CPU
		{103B80AB-BC00-4415-AF9F-2A1023FECFE6}.AppStore|iPhoneSimulator.ActiveCfg = Release|Any CPU
		{103B80AB-BC00-4415-AF9F-2A1023FECFE6}.AppStore|iPhoneSimulator.Build.0 = Release|Any CPU
		{103B80AB-BC00-4415-AF9F-2A1023FECFE6}.AppStore|iPhoneSimulator.Deploy.0 = Release|Any CPU
		{103B80AB-BC00-4415-AF9F-2A1023FECFE6}.AppStore|x64.ActiveCfg = Release|Any CPU
		{103B80AB-BC00-4415-AF9F-2A1023FECFE6}.AppStore|x64.Build.0 = Release|Any CPU
		{103B80AB-BC00-4415-AF9F-2A1023FECFE6}.AppStore|x64.Deploy.0 = Release|Any CPU
		{103B80AB-BC00-4415-AF9F-2A1023FECFE6}.AppStore|x86.ActiveCfg = Release|Any CPU
		{103B80AB-BC00-4415-AF9F-2A1023FECFE6}.AppStore|x86.Build.0 = Release|Any CPU
		{103B80AB-BC00-4415-AF9F-2A1023FECFE6}.AppStore|x86.Deploy.0 = Release|Any CPU
		{103B80AB-BC00-4415-AF9F-2A1023FECFE6}.Debug|Any CPU.ActiveCfg = Debug|Any CPU
		{103B80AB-BC00-4415-AF9F-2A1023FECFE6}.Debug|Any CPU.Build.0 = Debug|Any CPU
		{103B80AB-BC00-4415-AF9F-2A1023FECFE6}.Debug|Any CPU.Deploy.0 = Debug|Any CPU
		{103B80AB-BC00-4415-AF9F-2A1023FECFE6}.Debug|ARM.ActiveCfg = Debug|Any CPU
		{103B80AB-BC00-4415-AF9F-2A1023FECFE6}.Debug|ARM.Build.0 = Debug|Any CPU
		{103B80AB-BC00-4415-AF9F-2A1023FECFE6}.Debug|ARM.Deploy.0 = Debug|Any CPU
		{103B80AB-BC00-4415-AF9F-2A1023FECFE6}.Debug|iPhone.ActiveCfg = Debug|Any CPU
		{103B80AB-BC00-4415-AF9F-2A1023FECFE6}.Debug|iPhone.Build.0 = Debug|Any CPU
		{103B80AB-BC00-4415-AF9F-2A1023FECFE6}.Debug|iPhone.Deploy.0 = Debug|Any CPU
		{103B80AB-BC00-4415-AF9F-2A1023FECFE6}.Debug|iPhoneSimulator.ActiveCfg = Debug|Any CPU
		{103B80AB-BC00-4415-AF9F-2A1023FECFE6}.Debug|iPhoneSimulator.Build.0 = Debug|Any CPU
		{103B80AB-BC00-4415-AF9F-2A1023FECFE6}.Debug|iPhoneSimulator.Deploy.0 = Debug|Any CPU
		{103B80AB-BC00-4415-AF9F-2A1023FECFE6}.Debug|x64.ActiveCfg = Debug|Any CPU
		{103B80AB-BC00-4415-AF9F-2A1023FECFE6}.Debug|x64.Build.0 = Debug|Any CPU
		{103B80AB-BC00-4415-AF9F-2A1023FECFE6}.Debug|x64.Deploy.0 = Debug|Any CPU
		{103B80AB-BC00-4415-AF9F-2A1023FECFE6}.Debug|x86.ActiveCfg = Debug|Any CPU
		{103B80AB-BC00-4415-AF9F-2A1023FECFE6}.Debug|x86.Build.0 = Debug|Any CPU
		{103B80AB-BC00-4415-AF9F-2A1023FECFE6}.Debug|x86.Deploy.0 = Debug|Any CPU
		{103B80AB-BC00-4415-AF9F-2A1023FECFE6}.Release|Any CPU.ActiveCfg = Release|Any CPU
		{103B80AB-BC00-4415-AF9F-2A1023FECFE6}.Release|Any CPU.Build.0 = Release|Any CPU
		{103B80AB-BC00-4415-AF9F-2A1023FECFE6}.Release|Any CPU.Deploy.0 = Release|Any CPU
		{103B80AB-BC00-4415-AF9F-2A1023FECFE6}.Release|ARM.ActiveCfg = Release|Any CPU
		{103B80AB-BC00-4415-AF9F-2A1023FECFE6}.Release|ARM.Build.0 = Release|Any CPU
		{103B80AB-BC00-4415-AF9F-2A1023FECFE6}.Release|ARM.Deploy.0 = Release|Any CPU
		{103B80AB-BC00-4415-AF9F-2A1023FECFE6}.Release|iPhone.ActiveCfg = Release|Any CPU
		{103B80AB-BC00-4415-AF9F-2A1023FECFE6}.Release|iPhone.Build.0 = Release|Any CPU
		{103B80AB-BC00-4415-AF9F-2A1023FECFE6}.Release|iPhone.Deploy.0 = Release|Any CPU
		{103B80AB-BC00-4415-AF9F-2A1023FECFE6}.Release|iPhoneSimulator.ActiveCfg = Release|Any CPU
		{103B80AB-BC00-4415-AF9F-2A1023FECFE6}.Release|iPhoneSimulator.Build.0 = Release|Any CPU
		{103B80AB-BC00-4415-AF9F-2A1023FECFE6}.Release|iPhoneSimulator.Deploy.0 = Release|Any CPU
		{103B80AB-BC00-4415-AF9F-2A1023FECFE6}.Release|x64.ActiveCfg = Release|Any CPU
		{103B80AB-BC00-4415-AF9F-2A1023FECFE6}.Release|x64.Build.0 = Release|Any CPU
		{103B80AB-BC00-4415-AF9F-2A1023FECFE6}.Release|x64.Deploy.0 = Release|Any CPU
		{103B80AB-BC00-4415-AF9F-2A1023FECFE6}.Release|x86.ActiveCfg = Release|Any CPU
		{103B80AB-BC00-4415-AF9F-2A1023FECFE6}.Release|x86.Build.0 = Release|Any CPU
		{103B80AB-BC00-4415-AF9F-2A1023FECFE6}.Release|x86.Deploy.0 = Release|Any CPU
		{35F425CB-46CD-4ABB-9004-EBED09BE5EB2}.Ad-Hoc|Any CPU.ActiveCfg = Ad-Hoc|iPhone
		{35F425CB-46CD-4ABB-9004-EBED09BE5EB2}.Ad-Hoc|ARM.ActiveCfg = Ad-Hoc|iPhone
		{35F425CB-46CD-4ABB-9004-EBED09BE5EB2}.Ad-Hoc|iPhone.ActiveCfg = Ad-Hoc|iPhone
		{35F425CB-46CD-4ABB-9004-EBED09BE5EB2}.Ad-Hoc|iPhone.Build.0 = Ad-Hoc|iPhone
		{35F425CB-46CD-4ABB-9004-EBED09BE5EB2}.Ad-Hoc|iPhoneSimulator.ActiveCfg = Ad-Hoc|iPhoneSimulator
		{35F425CB-46CD-4ABB-9004-EBED09BE5EB2}.Ad-Hoc|iPhoneSimulator.Build.0 = Ad-Hoc|iPhoneSimulator
		{35F425CB-46CD-4ABB-9004-EBED09BE5EB2}.Ad-Hoc|x64.ActiveCfg = Ad-Hoc|iPhone
		{35F425CB-46CD-4ABB-9004-EBED09BE5EB2}.Ad-Hoc|x86.ActiveCfg = Ad-Hoc|iPhone
		{35F425CB-46CD-4ABB-9004-EBED09BE5EB2}.AppStore|Any CPU.ActiveCfg = AppStore|iPhone
		{35F425CB-46CD-4ABB-9004-EBED09BE5EB2}.AppStore|ARM.ActiveCfg = AppStore|iPhone
		{35F425CB-46CD-4ABB-9004-EBED09BE5EB2}.AppStore|iPhone.ActiveCfg = AppStore|iPhone
		{35F425CB-46CD-4ABB-9004-EBED09BE5EB2}.AppStore|iPhone.Build.0 = AppStore|iPhone
		{35F425CB-46CD-4ABB-9004-EBED09BE5EB2}.AppStore|iPhoneSimulator.ActiveCfg = AppStore|iPhoneSimulator
		{35F425CB-46CD-4ABB-9004-EBED09BE5EB2}.AppStore|iPhoneSimulator.Build.0 = AppStore|iPhoneSimulator
		{35F425CB-46CD-4ABB-9004-EBED09BE5EB2}.AppStore|x64.ActiveCfg = AppStore|iPhone
		{35F425CB-46CD-4ABB-9004-EBED09BE5EB2}.AppStore|x86.ActiveCfg = AppStore|iPhone
		{35F425CB-46CD-4ABB-9004-EBED09BE5EB2}.Debug|Any CPU.ActiveCfg = Debug|iPhone
		{35F425CB-46CD-4ABB-9004-EBED09BE5EB2}.Debug|ARM.ActiveCfg = Debug|iPhone
		{35F425CB-46CD-4ABB-9004-EBED09BE5EB2}.Debug|iPhone.ActiveCfg = Debug|iPhone
		{35F425CB-46CD-4ABB-9004-EBED09BE5EB2}.Debug|iPhone.Build.0 = Debug|iPhone
		{35F425CB-46CD-4ABB-9004-EBED09BE5EB2}.Debug|iPhoneSimulator.ActiveCfg = Debug|iPhoneSimulator
		{35F425CB-46CD-4ABB-9004-EBED09BE5EB2}.Debug|iPhoneSimulator.Build.0 = Debug|iPhoneSimulator
		{35F425CB-46CD-4ABB-9004-EBED09BE5EB2}.Debug|x64.ActiveCfg = Debug|iPhone
		{35F425CB-46CD-4ABB-9004-EBED09BE5EB2}.Debug|x86.ActiveCfg = Debug|iPhone
		{35F425CB-46CD-4ABB-9004-EBED09BE5EB2}.Release|Any CPU.ActiveCfg = Release|iPhone
		{35F425CB-46CD-4ABB-9004-EBED09BE5EB2}.Release|ARM.ActiveCfg = Release|iPhone
		{35F425CB-46CD-4ABB-9004-EBED09BE5EB2}.Release|iPhone.ActiveCfg = Release|iPhone
		{35F425CB-46CD-4ABB-9004-EBED09BE5EB2}.Release|iPhone.Build.0 = Release|iPhone
		{35F425CB-46CD-4ABB-9004-EBED09BE5EB2}.Release|iPhoneSimulator.ActiveCfg = Release|iPhoneSimulator
		{35F425CB-46CD-4ABB-9004-EBED09BE5EB2}.Release|iPhoneSimulator.Build.0 = Release|iPhoneSimulator
		{35F425CB-46CD-4ABB-9004-EBED09BE5EB2}.Release|x64.ActiveCfg = Release|iPhone
		{35F425CB-46CD-4ABB-9004-EBED09BE5EB2}.Release|x86.ActiveCfg = Release|iPhone
		{DB443285-1CA4-4904-B57E-74F40007743F}.Ad-Hoc|Any CPU.ActiveCfg = Release|x86
		{DB443285-1CA4-4904-B57E-74F40007743F}.Ad-Hoc|Any CPU.Build.0 = Release|x86
		{DB443285-1CA4-4904-B57E-74F40007743F}.Ad-Hoc|Any CPU.Deploy.0 = Release|x86
		{DB443285-1CA4-4904-B57E-74F40007743F}.Ad-Hoc|ARM.ActiveCfg = Release|ARM
		{DB443285-1CA4-4904-B57E-74F40007743F}.Ad-Hoc|ARM.Build.0 = Release|ARM
		{DB443285-1CA4-4904-B57E-74F40007743F}.Ad-Hoc|ARM.Deploy.0 = Release|ARM
		{DB443285-1CA4-4904-B57E-74F40007743F}.Ad-Hoc|iPhone.ActiveCfg = Release|x86
		{DB443285-1CA4-4904-B57E-74F40007743F}.Ad-Hoc|iPhone.Build.0 = Release|x86
		{DB443285-1CA4-4904-B57E-74F40007743F}.Ad-Hoc|iPhone.Deploy.0 = Release|x86
		{DB443285-1CA4-4904-B57E-74F40007743F}.Ad-Hoc|iPhoneSimulator.ActiveCfg = Release|x86
		{DB443285-1CA4-4904-B57E-74F40007743F}.Ad-Hoc|iPhoneSimulator.Build.0 = Release|x86
		{DB443285-1CA4-4904-B57E-74F40007743F}.Ad-Hoc|iPhoneSimulator.Deploy.0 = Release|x86
		{DB443285-1CA4-4904-B57E-74F40007743F}.Ad-Hoc|x64.ActiveCfg = Release|x64
		{DB443285-1CA4-4904-B57E-74F40007743F}.Ad-Hoc|x64.Build.0 = Release|x64
		{DB443285-1CA4-4904-B57E-74F40007743F}.Ad-Hoc|x64.Deploy.0 = Release|x64
		{DB443285-1CA4-4904-B57E-74F40007743F}.Ad-Hoc|x86.ActiveCfg = Release|x86
		{DB443285-1CA4-4904-B57E-74F40007743F}.Ad-Hoc|x86.Build.0 = Release|x86
		{DB443285-1CA4-4904-B57E-74F40007743F}.Ad-Hoc|x86.Deploy.0 = Release|x86
		{DB443285-1CA4-4904-B57E-74F40007743F}.AppStore|Any CPU.ActiveCfg = Release|x86
		{DB443285-1CA4-4904-B57E-74F40007743F}.AppStore|Any CPU.Build.0 = Release|x86
		{DB443285-1CA4-4904-B57E-74F40007743F}.AppStore|Any CPU.Deploy.0 = Release|x86
		{DB443285-1CA4-4904-B57E-74F40007743F}.AppStore|ARM.ActiveCfg = Release|ARM
		{DB443285-1CA4-4904-B57E-74F40007743F}.AppStore|ARM.Build.0 = Release|ARM
		{DB443285-1CA4-4904-B57E-74F40007743F}.AppStore|ARM.Deploy.0 = Release|ARM
		{DB443285-1CA4-4904-B57E-74F40007743F}.AppStore|iPhone.ActiveCfg = Release|x86
		{DB443285-1CA4-4904-B57E-74F40007743F}.AppStore|iPhone.Build.0 = Release|x86
		{DB443285-1CA4-4904-B57E-74F40007743F}.AppStore|iPhone.Deploy.0 = Release|x86
		{DB443285-1CA4-4904-B57E-74F40007743F}.AppStore|iPhoneSimulator.ActiveCfg = Release|x86
		{DB443285-1CA4-4904-B57E-74F40007743F}.AppStore|iPhoneSimulator.Build.0 = Release|x86
		{DB443285-1CA4-4904-B57E-74F40007743F}.AppStore|iPhoneSimulator.Deploy.0 = Release|x86
		{DB443285-1CA4-4904-B57E-74F40007743F}.AppStore|x64.ActiveCfg = Release|x64
		{DB443285-1CA4-4904-B57E-74F40007743F}.AppStore|x64.Build.0 = Release|x64
		{DB443285-1CA4-4904-B57E-74F40007743F}.AppStore|x64.Deploy.0 = Release|x64
		{DB443285-1CA4-4904-B57E-74F40007743F}.AppStore|x86.ActiveCfg = Release|x86
		{DB443285-1CA4-4904-B57E-74F40007743F}.AppStore|x86.Build.0 = Release|x86
		{DB443285-1CA4-4904-B57E-74F40007743F}.AppStore|x86.Deploy.0 = Release|x86
		{DB443285-1CA4-4904-B57E-74F40007743F}.Debug|Any CPU.ActiveCfg = Debug|x86
		{DB443285-1CA4-4904-B57E-74F40007743F}.Debug|ARM.ActiveCfg = Debug|ARM
		{DB443285-1CA4-4904-B57E-74F40007743F}.Debug|ARM.Build.0 = Debug|ARM
		{DB443285-1CA4-4904-B57E-74F40007743F}.Debug|ARM.Deploy.0 = Debug|ARM
		{DB443285-1CA4-4904-B57E-74F40007743F}.Debug|iPhone.ActiveCfg = Debug|x86
		{DB443285-1CA4-4904-B57E-74F40007743F}.Debug|iPhoneSimulator.ActiveCfg = Debug|x86
		{DB443285-1CA4-4904-B57E-74F40007743F}.Debug|x64.ActiveCfg = Debug|x64
		{DB443285-1CA4-4904-B57E-74F40007743F}.Debug|x64.Build.0 = Debug|x64
		{DB443285-1CA4-4904-B57E-74F40007743F}.Debug|x64.Deploy.0 = Debug|x64
		{DB443285-1CA4-4904-B57E-74F40007743F}.Debug|x86.ActiveCfg = Debug|x86
		{DB443285-1CA4-4904-B57E-74F40007743F}.Debug|x86.Build.0 = Debug|x86
		{DB443285-1CA4-4904-B57E-74F40007743F}.Debug|x86.Deploy.0 = Debug|x86
		{DB443285-1CA4-4904-B57E-74F40007743F}.Release|Any CPU.ActiveCfg = Release|x86
		{DB443285-1CA4-4904-B57E-74F40007743F}.Release|ARM.ActiveCfg = Release|ARM
		{DB443285-1CA4-4904-B57E-74F40007743F}.Release|ARM.Build.0 = Release|ARM
		{DB443285-1CA4-4904-B57E-74F40007743F}.Release|ARM.Deploy.0 = Release|ARM
		{DB443285-1CA4-4904-B57E-74F40007743F}.Release|iPhone.ActiveCfg = Release|x86
		{DB443285-1CA4-4904-B57E-74F40007743F}.Release|iPhoneSimulator.ActiveCfg = Release|x86
		{DB443285-1CA4-4904-B57E-74F40007743F}.Release|x64.ActiveCfg = Release|x64
		{DB443285-1CA4-4904-B57E-74F40007743F}.Release|x64.Build.0 = Release|x64
		{DB443285-1CA4-4904-B57E-74F40007743F}.Release|x64.Deploy.0 = Release|x64
		{DB443285-1CA4-4904-B57E-74F40007743F}.Release|x86.ActiveCfg = Release|x86
		{DB443285-1CA4-4904-B57E-74F40007743F}.Release|x86.Build.0 = Release|x86
		{DB443285-1CA4-4904-B57E-74F40007743F}.Release|x86.Deploy.0 = Release|x86
		{7525FE37-FD1F-48E6-A152-1F0AF9B3CDD0}.Ad-Hoc|Any CPU.ActiveCfg = Release|Any CPU
		{7525FE37-FD1F-48E6-A152-1F0AF9B3CDD0}.Ad-Hoc|Any CPU.Build.0 = Release|Any CPU
		{7525FE37-FD1F-48E6-A152-1F0AF9B3CDD0}.Ad-Hoc|ARM.ActiveCfg = Release|Any CPU
		{7525FE37-FD1F-48E6-A152-1F0AF9B3CDD0}.Ad-Hoc|ARM.Build.0 = Release|Any CPU
		{7525FE37-FD1F-48E6-A152-1F0AF9B3CDD0}.Ad-Hoc|iPhone.ActiveCfg = Release|Any CPU
		{7525FE37-FD1F-48E6-A152-1F0AF9B3CDD0}.Ad-Hoc|iPhone.Build.0 = Release|Any CPU
		{7525FE37-FD1F-48E6-A152-1F0AF9B3CDD0}.Ad-Hoc|iPhoneSimulator.ActiveCfg = Release|Any CPU
		{7525FE37-FD1F-48E6-A152-1F0AF9B3CDD0}.Ad-Hoc|iPhoneSimulator.Build.0 = Release|Any CPU
		{7525FE37-FD1F-48E6-A152-1F0AF9B3CDD0}.Ad-Hoc|x64.ActiveCfg = Release|Any CPU
		{7525FE37-FD1F-48E6-A152-1F0AF9B3CDD0}.Ad-Hoc|x64.Build.0 = Release|Any CPU
		{7525FE37-FD1F-48E6-A152-1F0AF9B3CDD0}.Ad-Hoc|x86.ActiveCfg = Release|Any CPU
		{7525FE37-FD1F-48E6-A152-1F0AF9B3CDD0}.Ad-Hoc|x86.Build.0 = Release|Any CPU
		{7525FE37-FD1F-48E6-A152-1F0AF9B3CDD0}.AppStore|Any CPU.ActiveCfg = Release|Any CPU
		{7525FE37-FD1F-48E6-A152-1F0AF9B3CDD0}.AppStore|Any CPU.Build.0 = Release|Any CPU
		{7525FE37-FD1F-48E6-A152-1F0AF9B3CDD0}.AppStore|ARM.ActiveCfg = Release|Any CPU
		{7525FE37-FD1F-48E6-A152-1F0AF9B3CDD0}.AppStore|ARM.Build.0 = Release|Any CPU
		{7525FE37-FD1F-48E6-A152-1F0AF9B3CDD0}.AppStore|iPhone.ActiveCfg = Release|Any CPU
		{7525FE37-FD1F-48E6-A152-1F0AF9B3CDD0}.AppStore|iPhone.Build.0 = Release|Any CPU
		{7525FE37-FD1F-48E6-A152-1F0AF9B3CDD0}.AppStore|iPhoneSimulator.ActiveCfg = Release|Any CPU
		{7525FE37-FD1F-48E6-A152-1F0AF9B3CDD0}.AppStore|iPhoneSimulator.Build.0 = Release|Any CPU
		{7525FE37-FD1F-48E6-A152-1F0AF9B3CDD0}.AppStore|x64.ActiveCfg = Release|Any CPU
		{7525FE37-FD1F-48E6-A152-1F0AF9B3CDD0}.AppStore|x64.Build.0 = Release|Any CPU
		{7525FE37-FD1F-48E6-A152-1F0AF9B3CDD0}.AppStore|x86.ActiveCfg = Release|Any CPU
		{7525FE37-FD1F-48E6-A152-1F0AF9B3CDD0}.AppStore|x86.Build.0 = Release|Any CPU
		{7525FE37-FD1F-48E6-A152-1F0AF9B3CDD0}.Debug|Any CPU.ActiveCfg = Debug|Any CPU
		{7525FE37-FD1F-48E6-A152-1F0AF9B3CDD0}.Debug|Any CPU.Build.0 = Debug|Any CPU
		{7525FE37-FD1F-48E6-A152-1F0AF9B3CDD0}.Debug|ARM.ActiveCfg = Debug|Any CPU
		{7525FE37-FD1F-48E6-A152-1F0AF9B3CDD0}.Debug|ARM.Build.0 = Debug|Any CPU
		{7525FE37-FD1F-48E6-A152-1F0AF9B3CDD0}.Debug|iPhone.ActiveCfg = Debug|Any CPU
		{7525FE37-FD1F-48E6-A152-1F0AF9B3CDD0}.Debug|iPhone.Build.0 = Debug|Any CPU
		{7525FE37-FD1F-48E6-A152-1F0AF9B3CDD0}.Debug|iPhoneSimulator.ActiveCfg = Debug|Any CPU
		{7525FE37-FD1F-48E6-A152-1F0AF9B3CDD0}.Debug|iPhoneSimulator.Build.0 = Debug|Any CPU
		{7525FE37-FD1F-48E6-A152-1F0AF9B3CDD0}.Debug|x64.ActiveCfg = Debug|Any CPU
		{7525FE37-FD1F-48E6-A152-1F0AF9B3CDD0}.Debug|x64.Build.0 = Debug|Any CPU
		{7525FE37-FD1F-48E6-A152-1F0AF9B3CDD0}.Debug|x86.ActiveCfg = Debug|Any CPU
		{7525FE37-FD1F-48E6-A152-1F0AF9B3CDD0}.Debug|x86.Build.0 = Debug|Any CPU
		{7525FE37-FD1F-48E6-A152-1F0AF9B3CDD0}.Release|Any CPU.ActiveCfg = Release|Any CPU
		{7525FE37-FD1F-48E6-A152-1F0AF9B3CDD0}.Release|Any CPU.Build.0 = Release|Any CPU
		{7525FE37-FD1F-48E6-A152-1F0AF9B3CDD0}.Release|ARM.ActiveCfg = Release|Any CPU
		{7525FE37-FD1F-48E6-A152-1F0AF9B3CDD0}.Release|ARM.Build.0 = Release|Any CPU
		{7525FE37-FD1F-48E6-A152-1F0AF9B3CDD0}.Release|iPhone.ActiveCfg = Release|Any CPU
		{7525FE37-FD1F-48E6-A152-1F0AF9B3CDD0}.Release|iPhone.Build.0 = Release|Any CPU
		{7525FE37-FD1F-48E6-A152-1F0AF9B3CDD0}.Release|iPhoneSimulator.ActiveCfg = Release|Any CPU
		{7525FE37-FD1F-48E6-A152-1F0AF9B3CDD0}.Release|iPhoneSimulator.Build.0 = Release|Any CPU
		{7525FE37-FD1F-48E6-A152-1F0AF9B3CDD0}.Release|x64.ActiveCfg = Release|Any CPU
		{7525FE37-FD1F-48E6-A152-1F0AF9B3CDD0}.Release|x64.Build.0 = Release|Any CPU
		{7525FE37-FD1F-48E6-A152-1F0AF9B3CDD0}.Release|x86.ActiveCfg = Release|Any CPU
		{7525FE37-FD1F-48E6-A152-1F0AF9B3CDD0}.Release|x86.Build.0 = Release|Any CPU
	EndGlobalSection
	GlobalSection(SolutionProperties) = preSolution
		HideSolutionNode = FALSE
	EndGlobalSection
	GlobalSection(ExtensibilityGlobals) = postSolution
		SolutionGuid = {080A9A0B-F5AA-422E-B316-9BB6AE1FC8A2}
	EndGlobalSection
EndGlobal
