
Microsoft Visual Studio Solution File, Format Version 12.00
# Visual Studio 15
VisualStudioVersion = 15.0.27130.2036
MinimumVisualStudioVersion = 10.0.40219.1
Project("{9A19103F-16F7-4668-BE54-9A1E7A4F7556}") = "HandSchool.Core", "HandSchool.Core\HandSchool.Core.csproj", "{DEA278BF-B6BF-4331-96B7-CEDC9A4E39C3}"
EndProject
Project("{9A19103F-16F7-4668-BE54-9A1E7A4F7556}") = "HandSchool.JLU", "HandSchool.JLU\HandSchool.JLU.csproj", "{F8768DB2-5B7F-49FB-8D42-3CD395A24C14}"
EndProject
Project("{2150E333-8FDC-42A3-9474-1A3956D46DE8}") = "Platforms", "Platforms", "{7B080CF9-D617-4BC0-A6B7-2822B6D6A8E4}"
EndProject
Project("{2150E333-8FDC-42A3-9474-1A3956D46DE8}") = "Internals", "Internals", "{9408F315-FA16-4156-98D4-7E2AC807802F}"
EndProject
Project("{9A19103F-16F7-4668-BE54-9A1E7A4F7556}") = "HandSchool.UnitTest", "HandSchool.UnitTest\HandSchool.UnitTest.csproj", "{F373195B-C6C8-4AC8-B359-FF8BE4D1DFA5}"
EndProject
Project("{FAE04EC0-301F-11D3-BF4B-00C04F79EFBC}") = "HandSchool.UWP", "HandSchool.UWP\HandSchool.UWP.csproj", "{C1DA2401-FA7B-492D-8C28-B49F83BB7B58}"
EndProject
Project("{D954291E-2A0B-460D-934E-DC6B0785DB48}") = "HandSchool.Forms", "HandSchool.Forms\HandSchool.Forms.shproj", "{5336E020-94CE-463D-A157-92C876FF65FF}"
EndProject
Project("{FAE04EC0-301F-11D3-BF4B-00C04F79EFBC}") = "HandSchool.Android", "HandSchool.Android\HandSchool.Android.csproj", "{103B80AB-BC00-4415-AF9F-2A1023FECFE6}"
EndProject
Project("{FAE04EC0-301F-11D3-BF4B-00C04F79EFBC}") = "HandSchool.iOS", "HandSchool.iOS\HandSchool.iOS.csproj", "{35F425CB-46CD-4ABB-9004-EBED09BE5EB2}"
EndProject
Project("{9A19103F-16F7-4668-BE54-9A1E7A4F7556}") = "HandSchool.Forwarder", "HandSchool.Forwarder\HandSchool.Forwarder.csproj", "{08D98A3F-9D96-417E-8691-9ABA9DB919DB}"
EndProject
Global
	GlobalSection(SharedMSBuildProjectFiles) = preSolution
		HandSchool.Forms\HandSchool.Forms.projitems*{35f425cb-46cd-4abb-9004-ebed09be5eb2}*SharedItemsImports = 4
		HandSchool.Forms\HandSchool.Forms.projitems*{5336e020-94ce-463d-a157-92c876ff65ff}*SharedItemsImports = 13
	EndGlobalSection
	GlobalSection(SolutionConfigurationPlatforms) = preSolution
		Ad-Hoc|Any CPU = Ad-Hoc|Any CPU
		Ad-Hoc|ARM = Ad-Hoc|ARM
		Ad-Hoc|ARM64 = Ad-Hoc|ARM64
		Ad-Hoc|iPhone = Ad-Hoc|iPhone
		Ad-Hoc|iPhoneSimulator = Ad-Hoc|iPhoneSimulator
		Ad-Hoc|x64 = Ad-Hoc|x64
		Ad-Hoc|x86 = Ad-Hoc|x86
		AppStore|Any CPU = AppStore|Any CPU
		AppStore|ARM = AppStore|ARM
		AppStore|ARM64 = AppStore|ARM64
		AppStore|iPhone = AppStore|iPhone
		AppStore|iPhoneSimulator = AppStore|iPhoneSimulator
		AppStore|x64 = AppStore|x64
		AppStore|x86 = AppStore|x86
		Debug|Any CPU = Debug|Any CPU
		Debug|ARM = Debug|ARM
		Debug|ARM64 = Debug|ARM64
		Debug|iPhone = Debug|iPhone
		Debug|iPhoneSimulator = Debug|iPhoneSimulator
		Debug|x64 = Debug|x64
		Debug|x86 = Debug|x86
		Release|Any CPU = Release|Any CPU
		Release|ARM = Release|ARM
		Release|ARM64 = Release|ARM64
		Release|iPhone = Release|iPhone
		Release|iPhoneSimulator = Release|iPhoneSimulator
		Release|x64 = Release|x64
		Release|x86 = Release|x86
	EndGlobalSection
	GlobalSection(ProjectConfigurationPlatforms) = postSolution
		{DEA278BF-B6BF-4331-96B7-CEDC9A4E39C3}.Ad-Hoc|Any CPU.ActiveCfg = Debug|Any CPU
		{DEA278BF-B6BF-4331-96B7-CEDC9A4E39C3}.Ad-Hoc|Any CPU.Build.0 = Debug|Any CPU
		{DEA278BF-B6BF-4331-96B7-CEDC9A4E39C3}.Ad-Hoc|ARM.ActiveCfg = Debug|Any CPU
		{DEA278BF-B6BF-4331-96B7-CEDC9A4E39C3}.Ad-Hoc|ARM.Build.0 = Debug|Any CPU
		{DEA278BF-B6BF-4331-96B7-CEDC9A4E39C3}.Ad-Hoc|ARM64.ActiveCfg = Release|Any CPU
		{DEA278BF-B6BF-4331-96B7-CEDC9A4E39C3}.Ad-Hoc|ARM64.Build.0 = Release|Any CPU
		{DEA278BF-B6BF-4331-96B7-CEDC9A4E39C3}.Ad-Hoc|iPhone.ActiveCfg = Debug|Any CPU
		{DEA278BF-B6BF-4331-96B7-CEDC9A4E39C3}.Ad-Hoc|iPhone.Build.0 = Debug|Any CPU
		{DEA278BF-B6BF-4331-96B7-CEDC9A4E39C3}.Ad-Hoc|iPhoneSimulator.ActiveCfg = Debug|Any CPU
		{DEA278BF-B6BF-4331-96B7-CEDC9A4E39C3}.Ad-Hoc|iPhoneSimulator.Build.0 = Debug|Any CPU
		{DEA278BF-B6BF-4331-96B7-CEDC9A4E39C3}.Ad-Hoc|x64.ActiveCfg = Debug|Any CPU
		{DEA278BF-B6BF-4331-96B7-CEDC9A4E39C3}.Ad-Hoc|x64.Build.0 = Debug|Any CPU
		{DEA278BF-B6BF-4331-96B7-CEDC9A4E39C3}.Ad-Hoc|x86.ActiveCfg = Debug|Any CPU
		{DEA278BF-B6BF-4331-96B7-CEDC9A4E39C3}.Ad-Hoc|x86.Build.0 = Debug|Any CPU
		{DEA278BF-B6BF-4331-96B7-CEDC9A4E39C3}.AppStore|Any CPU.ActiveCfg = Debug|Any CPU
		{DEA278BF-B6BF-4331-96B7-CEDC9A4E39C3}.AppStore|Any CPU.Build.0 = Debug|Any CPU
		{DEA278BF-B6BF-4331-96B7-CEDC9A4E39C3}.AppStore|ARM.ActiveCfg = Debug|Any CPU
		{DEA278BF-B6BF-4331-96B7-CEDC9A4E39C3}.AppStore|ARM.Build.0 = Debug|Any CPU
		{DEA278BF-B6BF-4331-96B7-CEDC9A4E39C3}.AppStore|ARM64.ActiveCfg = Release|Any CPU
		{DEA278BF-B6BF-4331-96B7-CEDC9A4E39C3}.AppStore|ARM64.Build.0 = Release|Any CPU
		{DEA278BF-B6BF-4331-96B7-CEDC9A4E39C3}.AppStore|iPhone.ActiveCfg = Debug|Any CPU
		{DEA278BF-B6BF-4331-96B7-CEDC9A4E39C3}.AppStore|iPhone.Build.0 = Debug|Any CPU
		{DEA278BF-B6BF-4331-96B7-CEDC9A4E39C3}.AppStore|iPhoneSimulator.ActiveCfg = Debug|Any CPU
		{DEA278BF-B6BF-4331-96B7-CEDC9A4E39C3}.AppStore|iPhoneSimulator.Build.0 = Debug|Any CPU
		{DEA278BF-B6BF-4331-96B7-CEDC9A4E39C3}.AppStore|x64.ActiveCfg = Debug|Any CPU
		{DEA278BF-B6BF-4331-96B7-CEDC9A4E39C3}.AppStore|x64.Build.0 = Debug|Any CPU
		{DEA278BF-B6BF-4331-96B7-CEDC9A4E39C3}.AppStore|x86.ActiveCfg = Debug|Any CPU
		{DEA278BF-B6BF-4331-96B7-CEDC9A4E39C3}.AppStore|x86.Build.0 = Debug|Any CPU
		{DEA278BF-B6BF-4331-96B7-CEDC9A4E39C3}.Debug|Any CPU.ActiveCfg = Debug|Any CPU
		{DEA278BF-B6BF-4331-96B7-CEDC9A4E39C3}.Debug|Any CPU.Build.0 = Debug|Any CPU
		{DEA278BF-B6BF-4331-96B7-CEDC9A4E39C3}.Debug|ARM.ActiveCfg = Debug|Any CPU
		{DEA278BF-B6BF-4331-96B7-CEDC9A4E39C3}.Debug|ARM.Build.0 = Debug|Any CPU
		{DEA278BF-B6BF-4331-96B7-CEDC9A4E39C3}.Debug|ARM64.ActiveCfg = Debug|Any CPU
		{DEA278BF-B6BF-4331-96B7-CEDC9A4E39C3}.Debug|ARM64.Build.0 = Debug|Any CPU
		{DEA278BF-B6BF-4331-96B7-CEDC9A4E39C3}.Debug|iPhone.ActiveCfg = Debug|Any CPU
		{DEA278BF-B6BF-4331-96B7-CEDC9A4E39C3}.Debug|iPhone.Build.0 = Debug|Any CPU
		{DEA278BF-B6BF-4331-96B7-CEDC9A4E39C3}.Debug|iPhoneSimulator.ActiveCfg = Debug|Any CPU
		{DEA278BF-B6BF-4331-96B7-CEDC9A4E39C3}.Debug|iPhoneSimulator.Build.0 = Debug|Any CPU
		{DEA278BF-B6BF-4331-96B7-CEDC9A4E39C3}.Debug|x64.ActiveCfg = Debug|Any CPU
		{DEA278BF-B6BF-4331-96B7-CEDC9A4E39C3}.Debug|x64.Build.0 = Debug|Any CPU
		{DEA278BF-B6BF-4331-96B7-CEDC9A4E39C3}.Debug|x86.ActiveCfg = Debug|Any CPU
		{DEA278BF-B6BF-4331-96B7-CEDC9A4E39C3}.Debug|x86.Build.0 = Debug|Any CPU
		{DEA278BF-B6BF-4331-96B7-CEDC9A4E39C3}.Release|Any CPU.ActiveCfg = Release|Any CPU
		{DEA278BF-B6BF-4331-96B7-CEDC9A4E39C3}.Release|Any CPU.Build.0 = Release|Any CPU
		{DEA278BF-B6BF-4331-96B7-CEDC9A4E39C3}.Release|ARM.ActiveCfg = Release|Any CPU
		{DEA278BF-B6BF-4331-96B7-CEDC9A4E39C3}.Release|ARM.Build.0 = Release|Any CPU
		{DEA278BF-B6BF-4331-96B7-CEDC9A4E39C3}.Release|ARM64.ActiveCfg = Release|Any CPU
		{DEA278BF-B6BF-4331-96B7-CEDC9A4E39C3}.Release|ARM64.Build.0 = Release|Any CPU
		{DEA278BF-B6BF-4331-96B7-CEDC9A4E39C3}.Release|iPhone.ActiveCfg = Release|Any CPU
		{DEA278BF-B6BF-4331-96B7-CEDC9A4E39C3}.Release|iPhone.Build.0 = Release|Any CPU
		{DEA278BF-B6BF-4331-96B7-CEDC9A4E39C3}.Release|iPhoneSimulator.ActiveCfg = Release|Any CPU
		{DEA278BF-B6BF-4331-96B7-CEDC9A4E39C3}.Release|iPhoneSimulator.Build.0 = Release|Any CPU
		{DEA278BF-B6BF-4331-96B7-CEDC9A4E39C3}.Release|x64.ActiveCfg = Release|Any CPU
		{DEA278BF-B6BF-4331-96B7-CEDC9A4E39C3}.Release|x64.Build.0 = Release|Any CPU
		{DEA278BF-B6BF-4331-96B7-CEDC9A4E39C3}.Release|x86.ActiveCfg = Release|Any CPU
		{DEA278BF-B6BF-4331-96B7-CEDC9A4E39C3}.Release|x86.Build.0 = Release|Any CPU
		{F8768DB2-5B7F-49FB-8D42-3CD395A24C14}.Ad-Hoc|Any CPU.ActiveCfg = Debug|Any CPU
		{F8768DB2-5B7F-49FB-8D42-3CD395A24C14}.Ad-Hoc|Any CPU.Build.0 = Debug|Any CPU
		{F8768DB2-5B7F-49FB-8D42-3CD395A24C14}.Ad-Hoc|ARM.ActiveCfg = Debug|Any CPU
		{F8768DB2-5B7F-49FB-8D42-3CD395A24C14}.Ad-Hoc|ARM.Build.0 = Debug|Any CPU
		{F8768DB2-5B7F-49FB-8D42-3CD395A24C14}.Ad-Hoc|ARM64.ActiveCfg = Release|Any CPU
		{F8768DB2-5B7F-49FB-8D42-3CD395A24C14}.Ad-Hoc|ARM64.Build.0 = Release|Any CPU
		{F8768DB2-5B7F-49FB-8D42-3CD395A24C14}.Ad-Hoc|iPhone.ActiveCfg = Debug|Any CPU
		{F8768DB2-5B7F-49FB-8D42-3CD395A24C14}.Ad-Hoc|iPhone.Build.0 = Debug|Any CPU
		{F8768DB2-5B7F-49FB-8D42-3CD395A24C14}.Ad-Hoc|iPhoneSimulator.ActiveCfg = Debug|Any CPU
		{F8768DB2-5B7F-49FB-8D42-3CD395A24C14}.Ad-Hoc|iPhoneSimulator.Build.0 = Debug|Any CPU
		{F8768DB2-5B7F-49FB-8D42-3CD395A24C14}.Ad-Hoc|x64.ActiveCfg = Debug|Any CPU
		{F8768DB2-5B7F-49FB-8D42-3CD395A24C14}.Ad-Hoc|x64.Build.0 = Debug|Any CPU
		{F8768DB2-5B7F-49FB-8D42-3CD395A24C14}.Ad-Hoc|x86.ActiveCfg = Debug|Any CPU
		{F8768DB2-5B7F-49FB-8D42-3CD395A24C14}.Ad-Hoc|x86.Build.0 = Debug|Any CPU
		{F8768DB2-5B7F-49FB-8D42-3CD395A24C14}.AppStore|Any CPU.ActiveCfg = Debug|Any CPU
		{F8768DB2-5B7F-49FB-8D42-3CD395A24C14}.AppStore|Any CPU.Build.0 = Debug|Any CPU
		{F8768DB2-5B7F-49FB-8D42-3CD395A24C14}.AppStore|ARM.ActiveCfg = Debug|Any CPU
		{F8768DB2-5B7F-49FB-8D42-3CD395A24C14}.AppStore|ARM.Build.0 = Debug|Any CPU
		{F8768DB2-5B7F-49FB-8D42-3CD395A24C14}.AppStore|ARM64.ActiveCfg = Release|Any CPU
		{F8768DB2-5B7F-49FB-8D42-3CD395A24C14}.AppStore|ARM64.Build.0 = Release|Any CPU
		{F8768DB2-5B7F-49FB-8D42-3CD395A24C14}.AppStore|iPhone.ActiveCfg = Debug|Any CPU
		{F8768DB2-5B7F-49FB-8D42-3CD395A24C14}.AppStore|iPhone.Build.0 = Debug|Any CPU
		{F8768DB2-5B7F-49FB-8D42-3CD395A24C14}.AppStore|iPhoneSimulator.ActiveCfg = Debug|Any CPU
		{F8768DB2-5B7F-49FB-8D42-3CD395A24C14}.AppStore|iPhoneSimulator.Build.0 = Debug|Any CPU
		{F8768DB2-5B7F-49FB-8D42-3CD395A24C14}.AppStore|x64.ActiveCfg = Debug|Any CPU
		{F8768DB2-5B7F-49FB-8D42-3CD395A24C14}.AppStore|x64.Build.0 = Debug|Any CPU
		{F8768DB2-5B7F-49FB-8D42-3CD395A24C14}.AppStore|x86.ActiveCfg = Debug|Any CPU
		{F8768DB2-5B7F-49FB-8D42-3CD395A24C14}.AppStore|x86.Build.0 = Debug|Any CPU
		{F8768DB2-5B7F-49FB-8D42-3CD395A24C14}.Debug|Any CPU.ActiveCfg = Debug|Any CPU
		{F8768DB2-5B7F-49FB-8D42-3CD395A24C14}.Debug|Any CPU.Build.0 = Debug|Any CPU
		{F8768DB2-5B7F-49FB-8D42-3CD395A24C14}.Debug|ARM.ActiveCfg = Debug|Any CPU
		{F8768DB2-5B7F-49FB-8D42-3CD395A24C14}.Debug|ARM.Build.0 = Debug|Any CPU
		{F8768DB2-5B7F-49FB-8D42-3CD395A24C14}.Debug|ARM64.ActiveCfg = Debug|Any CPU
		{F8768DB2-5B7F-49FB-8D42-3CD395A24C14}.Debug|ARM64.Build.0 = Debug|Any CPU
		{F8768DB2-5B7F-49FB-8D42-3CD395A24C14}.Debug|iPhone.ActiveCfg = Debug|Any CPU
		{F8768DB2-5B7F-49FB-8D42-3CD395A24C14}.Debug|iPhone.Build.0 = Debug|Any CPU
		{F8768DB2-5B7F-49FB-8D42-3CD395A24C14}.Debug|iPhoneSimulator.ActiveCfg = Debug|Any CPU
		{F8768DB2-5B7F-49FB-8D42-3CD395A24C14}.Debug|iPhoneSimulator.Build.0 = Debug|Any CPU
		{F8768DB2-5B7F-49FB-8D42-3CD395A24C14}.Debug|x64.ActiveCfg = Debug|Any CPU
		{F8768DB2-5B7F-49FB-8D42-3CD395A24C14}.Debug|x64.Build.0 = Debug|Any CPU
		{F8768DB2-5B7F-49FB-8D42-3CD395A24C14}.Debug|x86.ActiveCfg = Debug|Any CPU
		{F8768DB2-5B7F-49FB-8D42-3CD395A24C14}.Debug|x86.Build.0 = Debug|Any CPU
		{F8768DB2-5B7F-49FB-8D42-3CD395A24C14}.Release|Any CPU.ActiveCfg = Release|Any CPU
		{F8768DB2-5B7F-49FB-8D42-3CD395A24C14}.Release|Any CPU.Build.0 = Release|Any CPU
		{F8768DB2-5B7F-49FB-8D42-3CD395A24C14}.Release|ARM.ActiveCfg = Release|Any CPU
		{F8768DB2-5B7F-49FB-8D42-3CD395A24C14}.Release|ARM.Build.0 = Release|Any CPU
		{F8768DB2-5B7F-49FB-8D42-3CD395A24C14}.Release|ARM64.ActiveCfg = Release|Any CPU
		{F8768DB2-5B7F-49FB-8D42-3CD395A24C14}.Release|ARM64.Build.0 = Release|Any CPU
		{F8768DB2-5B7F-49FB-8D42-3CD395A24C14}.Release|iPhone.ActiveCfg = Release|Any CPU
		{F8768DB2-5B7F-49FB-8D42-3CD395A24C14}.Release|iPhone.Build.0 = Release|Any CPU
		{F8768DB2-5B7F-49FB-8D42-3CD395A24C14}.Release|iPhoneSimulator.ActiveCfg = Release|Any CPU
		{F8768DB2-5B7F-49FB-8D42-3CD395A24C14}.Release|iPhoneSimulator.Build.0 = Release|Any CPU
		{F8768DB2-5B7F-49FB-8D42-3CD395A24C14}.Release|x64.ActiveCfg = Release|Any CPU
		{F8768DB2-5B7F-49FB-8D42-3CD395A24C14}.Release|x64.Build.0 = Release|Any CPU
		{F8768DB2-5B7F-49FB-8D42-3CD395A24C14}.Release|x86.ActiveCfg = Release|Any CPU
		{F8768DB2-5B7F-49FB-8D42-3CD395A24C14}.Release|x86.Build.0 = Release|Any CPU
		{F373195B-C6C8-4AC8-B359-FF8BE4D1DFA5}.Ad-Hoc|Any CPU.ActiveCfg = Debug|Any CPU
		{F373195B-C6C8-4AC8-B359-FF8BE4D1DFA5}.Ad-Hoc|Any CPU.Build.0 = Debug|Any CPU
		{F373195B-C6C8-4AC8-B359-FF8BE4D1DFA5}.Ad-Hoc|ARM.ActiveCfg = Debug|Any CPU
		{F373195B-C6C8-4AC8-B359-FF8BE4D1DFA5}.Ad-Hoc|ARM.Build.0 = Debug|Any CPU
		{F373195B-C6C8-4AC8-B359-FF8BE4D1DFA5}.Ad-Hoc|ARM64.ActiveCfg = Release|Any CPU
		{F373195B-C6C8-4AC8-B359-FF8BE4D1DFA5}.Ad-Hoc|ARM64.Build.0 = Release|Any CPU
		{F373195B-C6C8-4AC8-B359-FF8BE4D1DFA5}.Ad-Hoc|iPhone.ActiveCfg = Debug|Any CPU
		{F373195B-C6C8-4AC8-B359-FF8BE4D1DFA5}.Ad-Hoc|iPhone.Build.0 = Debug|Any CPU
		{F373195B-C6C8-4AC8-B359-FF8BE4D1DFA5}.Ad-Hoc|iPhoneSimulator.ActiveCfg = Debug|Any CPU
		{F373195B-C6C8-4AC8-B359-FF8BE4D1DFA5}.Ad-Hoc|iPhoneSimulator.Build.0 = Debug|Any CPU
		{F373195B-C6C8-4AC8-B359-FF8BE4D1DFA5}.Ad-Hoc|x64.ActiveCfg = Debug|Any CPU
		{F373195B-C6C8-4AC8-B359-FF8BE4D1DFA5}.Ad-Hoc|x64.Build.0 = Debug|Any CPU
		{F373195B-C6C8-4AC8-B359-FF8BE4D1DFA5}.Ad-Hoc|x86.ActiveCfg = Debug|Any CPU
		{F373195B-C6C8-4AC8-B359-FF8BE4D1DFA5}.Ad-Hoc|x86.Build.0 = Debug|Any CPU
		{F373195B-C6C8-4AC8-B359-FF8BE4D1DFA5}.AppStore|Any CPU.ActiveCfg = Debug|Any CPU
		{F373195B-C6C8-4AC8-B359-FF8BE4D1DFA5}.AppStore|Any CPU.Build.0 = Debug|Any CPU
		{F373195B-C6C8-4AC8-B359-FF8BE4D1DFA5}.AppStore|ARM.ActiveCfg = Debug|Any CPU
		{F373195B-C6C8-4AC8-B359-FF8BE4D1DFA5}.AppStore|ARM.Build.0 = Debug|Any CPU
		{F373195B-C6C8-4AC8-B359-FF8BE4D1DFA5}.AppStore|ARM64.ActiveCfg = Release|Any CPU
		{F373195B-C6C8-4AC8-B359-FF8BE4D1DFA5}.AppStore|ARM64.Build.0 = Release|Any CPU
		{F373195B-C6C8-4AC8-B359-FF8BE4D1DFA5}.AppStore|iPhone.ActiveCfg = Debug|Any CPU
		{F373195B-C6C8-4AC8-B359-FF8BE4D1DFA5}.AppStore|iPhone.Build.0 = Debug|Any CPU
		{F373195B-C6C8-4AC8-B359-FF8BE4D1DFA5}.AppStore|iPhoneSimulator.ActiveCfg = Debug|Any CPU
		{F373195B-C6C8-4AC8-B359-FF8BE4D1DFA5}.AppStore|iPhoneSimulator.Build.0 = Debug|Any CPU
		{F373195B-C6C8-4AC8-B359-FF8BE4D1DFA5}.AppStore|x64.ActiveCfg = Debug|Any CPU
		{F373195B-C6C8-4AC8-B359-FF8BE4D1DFA5}.AppStore|x64.Build.0 = Debug|Any CPU
		{F373195B-C6C8-4AC8-B359-FF8BE4D1DFA5}.AppStore|x86.ActiveCfg = Debug|Any CPU
		{F373195B-C6C8-4AC8-B359-FF8BE4D1DFA5}.AppStore|x86.Build.0 = Debug|Any CPU
		{F373195B-C6C8-4AC8-B359-FF8BE4D1DFA5}.Debug|Any CPU.ActiveCfg = Debug|Any CPU
		{F373195B-C6C8-4AC8-B359-FF8BE4D1DFA5}.Debug|Any CPU.Build.0 = Debug|Any CPU
		{F373195B-C6C8-4AC8-B359-FF8BE4D1DFA5}.Debug|ARM.ActiveCfg = Debug|Any CPU
		{F373195B-C6C8-4AC8-B359-FF8BE4D1DFA5}.Debug|ARM.Build.0 = Debug|Any CPU
		{F373195B-C6C8-4AC8-B359-FF8BE4D1DFA5}.Debug|ARM64.ActiveCfg = Debug|Any CPU
		{F373195B-C6C8-4AC8-B359-FF8BE4D1DFA5}.Debug|ARM64.Build.0 = Debug|Any CPU
		{F373195B-C6C8-4AC8-B359-FF8BE4D1DFA5}.Debug|iPhone.ActiveCfg = Debug|Any CPU
		{F373195B-C6C8-4AC8-B359-FF8BE4D1DFA5}.Debug|iPhone.Build.0 = Debug|Any CPU
		{F373195B-C6C8-4AC8-B359-FF8BE4D1DFA5}.Debug|iPhoneSimulator.ActiveCfg = Debug|Any CPU
		{F373195B-C6C8-4AC8-B359-FF8BE4D1DFA5}.Debug|iPhoneSimulator.Build.0 = Debug|Any CPU
		{F373195B-C6C8-4AC8-B359-FF8BE4D1DFA5}.Debug|x64.ActiveCfg = Debug|Any CPU
		{F373195B-C6C8-4AC8-B359-FF8BE4D1DFA5}.Debug|x64.Build.0 = Debug|Any CPU
		{F373195B-C6C8-4AC8-B359-FF8BE4D1DFA5}.Debug|x86.ActiveCfg = Debug|Any CPU
		{F373195B-C6C8-4AC8-B359-FF8BE4D1DFA5}.Debug|x86.Build.0 = Debug|Any CPU
		{F373195B-C6C8-4AC8-B359-FF8BE4D1DFA5}.Release|Any CPU.ActiveCfg = Release|Any CPU
		{F373195B-C6C8-4AC8-B359-FF8BE4D1DFA5}.Release|Any CPU.Build.0 = Release|Any CPU
		{F373195B-C6C8-4AC8-B359-FF8BE4D1DFA5}.Release|ARM.ActiveCfg = Release|Any CPU
		{F373195B-C6C8-4AC8-B359-FF8BE4D1DFA5}.Release|ARM.Build.0 = Release|Any CPU
		{F373195B-C6C8-4AC8-B359-FF8BE4D1DFA5}.Release|ARM64.ActiveCfg = Release|Any CPU
		{F373195B-C6C8-4AC8-B359-FF8BE4D1DFA5}.Release|ARM64.Build.0 = Release|Any CPU
		{F373195B-C6C8-4AC8-B359-FF8BE4D1DFA5}.Release|iPhone.ActiveCfg = Release|Any CPU
		{F373195B-C6C8-4AC8-B359-FF8BE4D1DFA5}.Release|iPhone.Build.0 = Release|Any CPU
		{F373195B-C6C8-4AC8-B359-FF8BE4D1DFA5}.Release|iPhoneSimulator.ActiveCfg = Release|Any CPU
		{F373195B-C6C8-4AC8-B359-FF8BE4D1DFA5}.Release|iPhoneSimulator.Build.0 = Release|Any CPU
		{F373195B-C6C8-4AC8-B359-FF8BE4D1DFA5}.Release|x64.ActiveCfg = Release|Any CPU
		{F373195B-C6C8-4AC8-B359-FF8BE4D1DFA5}.Release|x64.Build.0 = Release|Any CPU
		{F373195B-C6C8-4AC8-B359-FF8BE4D1DFA5}.Release|x86.ActiveCfg = Release|Any CPU
		{F373195B-C6C8-4AC8-B359-FF8BE4D1DFA5}.Release|x86.Build.0 = Release|Any CPU
		{C1DA2401-FA7B-492D-8C28-B49F83BB7B58}.Ad-Hoc|Any CPU.ActiveCfg = Release|x64
		{C1DA2401-FA7B-492D-8C28-B49F83BB7B58}.Ad-Hoc|Any CPU.Build.0 = Release|x64
		{C1DA2401-FA7B-492D-8C28-B49F83BB7B58}.Ad-Hoc|Any CPU.Deploy.0 = Release|x64
		{C1DA2401-FA7B-492D-8C28-B49F83BB7B58}.Ad-Hoc|ARM.ActiveCfg = Release|ARM
		{C1DA2401-FA7B-492D-8C28-B49F83BB7B58}.Ad-Hoc|ARM.Build.0 = Release|ARM
		{C1DA2401-FA7B-492D-8C28-B49F83BB7B58}.Ad-Hoc|ARM.Deploy.0 = Release|ARM
		{C1DA2401-FA7B-492D-8C28-B49F83BB7B58}.Ad-Hoc|ARM64.ActiveCfg = Release|x64
		{C1DA2401-FA7B-492D-8C28-B49F83BB7B58}.Ad-Hoc|ARM64.Build.0 = Release|x64
		{C1DA2401-FA7B-492D-8C28-B49F83BB7B58}.Ad-Hoc|ARM64.Deploy.0 = Release|x64
		{C1DA2401-FA7B-492D-8C28-B49F83BB7B58}.Ad-Hoc|iPhone.ActiveCfg = Release|x64
		{C1DA2401-FA7B-492D-8C28-B49F83BB7B58}.Ad-Hoc|iPhone.Build.0 = Release|x64
		{C1DA2401-FA7B-492D-8C28-B49F83BB7B58}.Ad-Hoc|iPhone.Deploy.0 = Release|x64
		{C1DA2401-FA7B-492D-8C28-B49F83BB7B58}.Ad-Hoc|iPhoneSimulator.ActiveCfg = Release|x64
		{C1DA2401-FA7B-492D-8C28-B49F83BB7B58}.Ad-Hoc|iPhoneSimulator.Build.0 = Release|x64
		{C1DA2401-FA7B-492D-8C28-B49F83BB7B58}.Ad-Hoc|iPhoneSimulator.Deploy.0 = Release|x64
		{C1DA2401-FA7B-492D-8C28-B49F83BB7B58}.Ad-Hoc|x64.ActiveCfg = Release|x64
		{C1DA2401-FA7B-492D-8C28-B49F83BB7B58}.Ad-Hoc|x64.Build.0 = Release|x64
		{C1DA2401-FA7B-492D-8C28-B49F83BB7B58}.Ad-Hoc|x64.Deploy.0 = Release|x64
		{C1DA2401-FA7B-492D-8C28-B49F83BB7B58}.Ad-Hoc|x86.ActiveCfg = Release|x86
		{C1DA2401-FA7B-492D-8C28-B49F83BB7B58}.Ad-Hoc|x86.Build.0 = Release|x86
		{C1DA2401-FA7B-492D-8C28-B49F83BB7B58}.Ad-Hoc|x86.Deploy.0 = Release|x86
		{C1DA2401-FA7B-492D-8C28-B49F83BB7B58}.AppStore|Any CPU.ActiveCfg = Release|x64
		{C1DA2401-FA7B-492D-8C28-B49F83BB7B58}.AppStore|Any CPU.Build.0 = Release|x64
		{C1DA2401-FA7B-492D-8C28-B49F83BB7B58}.AppStore|Any CPU.Deploy.0 = Release|x64
		{C1DA2401-FA7B-492D-8C28-B49F83BB7B58}.AppStore|ARM.ActiveCfg = Release|ARM
		{C1DA2401-FA7B-492D-8C28-B49F83BB7B58}.AppStore|ARM.Build.0 = Release|ARM
		{C1DA2401-FA7B-492D-8C28-B49F83BB7B58}.AppStore|ARM.Deploy.0 = Release|ARM
		{C1DA2401-FA7B-492D-8C28-B49F83BB7B58}.AppStore|ARM64.ActiveCfg = Release|x64
		{C1DA2401-FA7B-492D-8C28-B49F83BB7B58}.AppStore|ARM64.Build.0 = Release|x64
		{C1DA2401-FA7B-492D-8C28-B49F83BB7B58}.AppStore|ARM64.Deploy.0 = Release|x64
		{C1DA2401-FA7B-492D-8C28-B49F83BB7B58}.AppStore|iPhone.ActiveCfg = Release|x64
		{C1DA2401-FA7B-492D-8C28-B49F83BB7B58}.AppStore|iPhone.Build.0 = Release|x64
		{C1DA2401-FA7B-492D-8C28-B49F83BB7B58}.AppStore|iPhone.Deploy.0 = Release|x64
		{C1DA2401-FA7B-492D-8C28-B49F83BB7B58}.AppStore|iPhoneSimulator.ActiveCfg = Release|x64
		{C1DA2401-FA7B-492D-8C28-B49F83BB7B58}.AppStore|iPhoneSimulator.Build.0 = Release|x64
		{C1DA2401-FA7B-492D-8C28-B49F83BB7B58}.AppStore|iPhoneSimulator.Deploy.0 = Release|x64
		{C1DA2401-FA7B-492D-8C28-B49F83BB7B58}.AppStore|x64.ActiveCfg = Release|x64
		{C1DA2401-FA7B-492D-8C28-B49F83BB7B58}.AppStore|x64.Build.0 = Release|x64
		{C1DA2401-FA7B-492D-8C28-B49F83BB7B58}.AppStore|x64.Deploy.0 = Release|x64
		{C1DA2401-FA7B-492D-8C28-B49F83BB7B58}.AppStore|x86.ActiveCfg = Release|x86
		{C1DA2401-FA7B-492D-8C28-B49F83BB7B58}.AppStore|x86.Build.0 = Release|x86
		{C1DA2401-FA7B-492D-8C28-B49F83BB7B58}.AppStore|x86.Deploy.0 = Release|x86
		{C1DA2401-FA7B-492D-8C28-B49F83BB7B58}.Debug|Any CPU.ActiveCfg = Debug|x86
		{C1DA2401-FA7B-492D-8C28-B49F83BB7B58}.Debug|ARM.ActiveCfg = Debug|ARM
		{C1DA2401-FA7B-492D-8C28-B49F83BB7B58}.Debug|ARM.Build.0 = Debug|ARM
		{C1DA2401-FA7B-492D-8C28-B49F83BB7B58}.Debug|ARM.Deploy.0 = Debug|ARM
		{C1DA2401-FA7B-492D-8C28-B49F83BB7B58}.Debug|ARM64.ActiveCfg = Debug|x86
		{C1DA2401-FA7B-492D-8C28-B49F83BB7B58}.Debug|iPhone.ActiveCfg = Debug|x86
		{C1DA2401-FA7B-492D-8C28-B49F83BB7B58}.Debug|iPhoneSimulator.ActiveCfg = Debug|x86
		{C1DA2401-FA7B-492D-8C28-B49F83BB7B58}.Debug|x64.ActiveCfg = Debug|x64
		{C1DA2401-FA7B-492D-8C28-B49F83BB7B58}.Debug|x64.Build.0 = Debug|x64
		{C1DA2401-FA7B-492D-8C28-B49F83BB7B58}.Debug|x64.Deploy.0 = Debug|x64
		{C1DA2401-FA7B-492D-8C28-B49F83BB7B58}.Debug|x86.ActiveCfg = Debug|x86
		{C1DA2401-FA7B-492D-8C28-B49F83BB7B58}.Debug|x86.Build.0 = Debug|x86
		{C1DA2401-FA7B-492D-8C28-B49F83BB7B58}.Debug|x86.Deploy.0 = Debug|x86
		{C1DA2401-FA7B-492D-8C28-B49F83BB7B58}.Release|Any CPU.ActiveCfg = Release|x86
		{C1DA2401-FA7B-492D-8C28-B49F83BB7B58}.Release|ARM.ActiveCfg = Release|ARM
		{C1DA2401-FA7B-492D-8C28-B49F83BB7B58}.Release|ARM.Build.0 = Release|ARM
		{C1DA2401-FA7B-492D-8C28-B49F83BB7B58}.Release|ARM.Deploy.0 = Release|ARM
		{C1DA2401-FA7B-492D-8C28-B49F83BB7B58}.Release|ARM64.ActiveCfg = Release|x86
		{C1DA2401-FA7B-492D-8C28-B49F83BB7B58}.Release|iPhone.ActiveCfg = Release|x86
		{C1DA2401-FA7B-492D-8C28-B49F83BB7B58}.Release|iPhoneSimulator.ActiveCfg = Release|x86
		{C1DA2401-FA7B-492D-8C28-B49F83BB7B58}.Release|x64.ActiveCfg = Release|x64
		{C1DA2401-FA7B-492D-8C28-B49F83BB7B58}.Release|x64.Build.0 = Release|x64
		{C1DA2401-FA7B-492D-8C28-B49F83BB7B58}.Release|x64.Deploy.0 = Release|x64
		{C1DA2401-FA7B-492D-8C28-B49F83BB7B58}.Release|x86.ActiveCfg = Release|x86
		{C1DA2401-FA7B-492D-8C28-B49F83BB7B58}.Release|x86.Build.0 = Release|x86
		{C1DA2401-FA7B-492D-8C28-B49F83BB7B58}.Release|x86.Deploy.0 = Release|x86
		{103B80AB-BC00-4415-AF9F-2A1023FECFE6}.Ad-Hoc|Any CPU.ActiveCfg = Release|Any CPU
		{103B80AB-BC00-4415-AF9F-2A1023FECFE6}.Ad-Hoc|Any CPU.Build.0 = Release|Any CPU
		{103B80AB-BC00-4415-AF9F-2A1023FECFE6}.Ad-Hoc|Any CPU.Deploy.0 = Release|Any CPU
		{103B80AB-BC00-4415-AF9F-2A1023FECFE6}.Ad-Hoc|ARM.ActiveCfg = Release|Any CPU
		{103B80AB-BC00-4415-AF9F-2A1023FECFE6}.Ad-Hoc|ARM.Build.0 = Release|Any CPU
		{103B80AB-BC00-4415-AF9F-2A1023FECFE6}.Ad-Hoc|ARM.Deploy.0 = Release|Any CPU
		{103B80AB-BC00-4415-AF9F-2A1023FECFE6}.Ad-Hoc|ARM64.ActiveCfg = Release|Any CPU
		{103B80AB-BC00-4415-AF9F-2A1023FECFE6}.Ad-Hoc|ARM64.Build.0 = Release|Any CPU
		{103B80AB-BC00-4415-AF9F-2A1023FECFE6}.Ad-Hoc|ARM64.Deploy.0 = Release|Any CPU
		{103B80AB-BC00-4415-AF9F-2A1023FECFE6}.Ad-Hoc|iPhone.ActiveCfg = Release|Any CPU
		{103B80AB-BC00-4415-AF9F-2A1023FECFE6}.Ad-Hoc|iPhone.Build.0 = Release|Any CPU
		{103B80AB-BC00-4415-AF9F-2A1023FECFE6}.Ad-Hoc|iPhone.Deploy.0 = Release|Any CPU
		{103B80AB-BC00-4415-AF9F-2A1023FECFE6}.Ad-Hoc|iPhoneSimulator.ActiveCfg = Release|Any CPU
		{103B80AB-BC00-4415-AF9F-2A1023FECFE6}.Ad-Hoc|iPhoneSimulator.Build.0 = Release|Any CPU
		{103B80AB-BC00-4415-AF9F-2A1023FECFE6}.Ad-Hoc|iPhoneSimulator.Deploy.0 = Release|Any CPU
		{103B80AB-BC00-4415-AF9F-2A1023FECFE6}.Ad-Hoc|x64.ActiveCfg = Release|Any CPU
		{103B80AB-BC00-4415-AF9F-2A1023FECFE6}.Ad-Hoc|x64.Build.0 = Release|Any CPU
		{103B80AB-BC00-4415-AF9F-2A1023FECFE6}.Ad-Hoc|x64.Deploy.0 = Release|Any CPU
		{103B80AB-BC00-4415-AF9F-2A1023FECFE6}.Ad-Hoc|x86.ActiveCfg = Release|Any CPU
		{103B80AB-BC00-4415-AF9F-2A1023FECFE6}.Ad-Hoc|x86.Build.0 = Release|Any CPU
		{103B80AB-BC00-4415-AF9F-2A1023FECFE6}.Ad-Hoc|x86.Deploy.0 = Release|Any CPU
		{103B80AB-BC00-4415-AF9F-2A1023FECFE6}.AppStore|Any CPU.ActiveCfg = Release|Any CPU
		{103B80AB-BC00-4415-AF9F-2A1023FECFE6}.AppStore|Any CPU.Build.0 = Release|Any CPU
		{103B80AB-BC00-4415-AF9F-2A1023FECFE6}.AppStore|Any CPU.Deploy.0 = Release|Any CPU
		{103B80AB-BC00-4415-AF9F-2A1023FECFE6}.AppStore|ARM.ActiveCfg = Release|Any CPU
		{103B80AB-BC00-4415-AF9F-2A1023FECFE6}.AppStore|ARM.Build.0 = Release|Any CPU
		{103B80AB-BC00-4415-AF9F-2A1023FECFE6}.AppStore|ARM.Deploy.0 = Release|Any CPU
		{103B80AB-BC00-4415-AF9F-2A1023FECFE6}.AppStore|ARM64.ActiveCfg = Release|Any CPU
		{103B80AB-BC00-4415-AF9F-2A1023FECFE6}.AppStore|ARM64.Build.0 = Release|Any CPU
		{103B80AB-BC00-4415-AF9F-2A1023FECFE6}.AppStore|ARM64.Deploy.0 = Release|Any CPU
		{103B80AB-BC00-4415-AF9F-2A1023FECFE6}.AppStore|iPhone.ActiveCfg = Release|Any CPU
		{103B80AB-BC00-4415-AF9F-2A1023FECFE6}.AppStore|iPhone.Build.0 = Release|Any CPU
		{103B80AB-BC00-4415-AF9F-2A1023FECFE6}.AppStore|iPhone.Deploy.0 = Release|Any CPU
		{103B80AB-BC00-4415-AF9F-2A1023FECFE6}.AppStore|iPhoneSimulator.ActiveCfg = Release|Any CPU
		{103B80AB-BC00-4415-AF9F-2A1023FECFE6}.AppStore|iPhoneSimulator.Build.0 = Release|Any CPU
		{103B80AB-BC00-4415-AF9F-2A1023FECFE6}.AppStore|iPhoneSimulator.Deploy.0 = Release|Any CPU
		{103B80AB-BC00-4415-AF9F-2A1023FECFE6}.AppStore|x64.ActiveCfg = Release|Any CPU
		{103B80AB-BC00-4415-AF9F-2A1023FECFE6}.AppStore|x64.Build.0 = Release|Any CPU
		{103B80AB-BC00-4415-AF9F-2A1023FECFE6}.AppStore|x64.Deploy.0 = Release|Any CPU
		{103B80AB-BC00-4415-AF9F-2A1023FECFE6}.AppStore|x86.ActiveCfg = Release|Any CPU
		{103B80AB-BC00-4415-AF9F-2A1023FECFE6}.AppStore|x86.Build.0 = Release|Any CPU
		{103B80AB-BC00-4415-AF9F-2A1023FECFE6}.AppStore|x86.Deploy.0 = Release|Any CPU
		{103B80AB-BC00-4415-AF9F-2A1023FECFE6}.Debug|Any CPU.ActiveCfg = Debug|Any CPU
		{103B80AB-BC00-4415-AF9F-2A1023FECFE6}.Debug|Any CPU.Build.0 = Debug|Any CPU
		{103B80AB-BC00-4415-AF9F-2A1023FECFE6}.Debug|Any CPU.Deploy.0 = Debug|Any CPU
		{103B80AB-BC00-4415-AF9F-2A1023FECFE6}.Debug|ARM.ActiveCfg = Debug|Any CPU
		{103B80AB-BC00-4415-AF9F-2A1023FECFE6}.Debug|ARM.Build.0 = Debug|Any CPU
		{103B80AB-BC00-4415-AF9F-2A1023FECFE6}.Debug|ARM.Deploy.0 = Debug|Any CPU
		{103B80AB-BC00-4415-AF9F-2A1023FECFE6}.Debug|ARM64.ActiveCfg = Debug|Any CPU
		{103B80AB-BC00-4415-AF9F-2A1023FECFE6}.Debug|ARM64.Build.0 = Debug|Any CPU
		{103B80AB-BC00-4415-AF9F-2A1023FECFE6}.Debug|ARM64.Deploy.0 = Debug|Any CPU
		{103B80AB-BC00-4415-AF9F-2A1023FECFE6}.Debug|iPhone.ActiveCfg = Debug|Any CPU
		{103B80AB-BC00-4415-AF9F-2A1023FECFE6}.Debug|iPhone.Build.0 = Debug|Any CPU
		{103B80AB-BC00-4415-AF9F-2A1023FECFE6}.Debug|iPhone.Deploy.0 = Debug|Any CPU
		{103B80AB-BC00-4415-AF9F-2A1023FECFE6}.Debug|iPhoneSimulator.ActiveCfg = Debug|Any CPU
		{103B80AB-BC00-4415-AF9F-2A1023FECFE6}.Debug|iPhoneSimulator.Build.0 = Debug|Any CPU
		{103B80AB-BC00-4415-AF9F-2A1023FECFE6}.Debug|iPhoneSimulator.Deploy.0 = Debug|Any CPU
		{103B80AB-BC00-4415-AF9F-2A1023FECFE6}.Debug|x64.ActiveCfg = Debug|Any CPU
		{103B80AB-BC00-4415-AF9F-2A1023FECFE6}.Debug|x64.Build.0 = Debug|Any CPU
		{103B80AB-BC00-4415-AF9F-2A1023FECFE6}.Debug|x64.Deploy.0 = Debug|Any CPU
		{103B80AB-BC00-4415-AF9F-2A1023FECFE6}.Debug|x86.ActiveCfg = Debug|Any CPU
		{103B80AB-BC00-4415-AF9F-2A1023FECFE6}.Debug|x86.Build.0 = Debug|Any CPU
		{103B80AB-BC00-4415-AF9F-2A1023FECFE6}.Debug|x86.Deploy.0 = Debug|Any CPU
		{103B80AB-BC00-4415-AF9F-2A1023FECFE6}.Release|Any CPU.ActiveCfg = Release|Any CPU
		{103B80AB-BC00-4415-AF9F-2A1023FECFE6}.Release|Any CPU.Build.0 = Release|Any CPU
		{103B80AB-BC00-4415-AF9F-2A1023FECFE6}.Release|Any CPU.Deploy.0 = Release|Any CPU
		{103B80AB-BC00-4415-AF9F-2A1023FECFE6}.Release|ARM.ActiveCfg = Release|Any CPU
		{103B80AB-BC00-4415-AF9F-2A1023FECFE6}.Release|ARM.Build.0 = Release|Any CPU
		{103B80AB-BC00-4415-AF9F-2A1023FECFE6}.Release|ARM.Deploy.0 = Release|Any CPU
		{103B80AB-BC00-4415-AF9F-2A1023FECFE6}.Release|ARM64.ActiveCfg = Release|Any CPU
		{103B80AB-BC00-4415-AF9F-2A1023FECFE6}.Release|ARM64.Build.0 = Release|Any CPU
		{103B80AB-BC00-4415-AF9F-2A1023FECFE6}.Release|ARM64.Deploy.0 = Release|Any CPU
		{103B80AB-BC00-4415-AF9F-2A1023FECFE6}.Release|iPhone.ActiveCfg = Release|Any CPU
		{103B80AB-BC00-4415-AF9F-2A1023FECFE6}.Release|iPhone.Build.0 = Release|Any CPU
		{103B80AB-BC00-4415-AF9F-2A1023FECFE6}.Release|iPhone.Deploy.0 = Release|Any CPU
		{103B80AB-BC00-4415-AF9F-2A1023FECFE6}.Release|iPhoneSimulator.ActiveCfg = Release|Any CPU
		{103B80AB-BC00-4415-AF9F-2A1023FECFE6}.Release|iPhoneSimulator.Build.0 = Release|Any CPU
		{103B80AB-BC00-4415-AF9F-2A1023FECFE6}.Release|iPhoneSimulator.Deploy.0 = Release|Any CPU
		{103B80AB-BC00-4415-AF9F-2A1023FECFE6}.Release|x64.ActiveCfg = Release|Any CPU
		{103B80AB-BC00-4415-AF9F-2A1023FECFE6}.Release|x64.Build.0 = Release|Any CPU
		{103B80AB-BC00-4415-AF9F-2A1023FECFE6}.Release|x64.Deploy.0 = Release|Any CPU
		{103B80AB-BC00-4415-AF9F-2A1023FECFE6}.Release|x86.ActiveCfg = Release|Any CPU
		{103B80AB-BC00-4415-AF9F-2A1023FECFE6}.Release|x86.Build.0 = Release|Any CPU
		{103B80AB-BC00-4415-AF9F-2A1023FECFE6}.Release|x86.Deploy.0 = Release|Any CPU
		{35F425CB-46CD-4ABB-9004-EBED09BE5EB2}.Ad-Hoc|Any CPU.ActiveCfg = Ad-Hoc|iPhone
		{35F425CB-46CD-4ABB-9004-EBED09BE5EB2}.Ad-Hoc|ARM.ActiveCfg = Ad-Hoc|iPhone
		{35F425CB-46CD-4ABB-9004-EBED09BE5EB2}.Ad-Hoc|ARM64.ActiveCfg = Ad-Hoc|iPhone
		{35F425CB-46CD-4ABB-9004-EBED09BE5EB2}.Ad-Hoc|iPhone.ActiveCfg = Ad-Hoc|iPhone
		{35F425CB-46CD-4ABB-9004-EBED09BE5EB2}.Ad-Hoc|iPhone.Build.0 = Ad-Hoc|iPhone
		{35F425CB-46CD-4ABB-9004-EBED09BE5EB2}.Ad-Hoc|iPhoneSimulator.ActiveCfg = Ad-Hoc|iPhoneSimulator
		{35F425CB-46CD-4ABB-9004-EBED09BE5EB2}.Ad-Hoc|iPhoneSimulator.Build.0 = Ad-Hoc|iPhoneSimulator
		{35F425CB-46CD-4ABB-9004-EBED09BE5EB2}.Ad-Hoc|x64.ActiveCfg = Ad-Hoc|iPhone
		{35F425CB-46CD-4ABB-9004-EBED09BE5EB2}.Ad-Hoc|x86.ActiveCfg = Ad-Hoc|iPhone
		{35F425CB-46CD-4ABB-9004-EBED09BE5EB2}.AppStore|Any CPU.ActiveCfg = AppStore|iPhone
		{35F425CB-46CD-4ABB-9004-EBED09BE5EB2}.AppStore|ARM.ActiveCfg = AppStore|iPhone
		{35F425CB-46CD-4ABB-9004-EBED09BE5EB2}.AppStore|ARM64.ActiveCfg = AppStore|iPhone
		{35F425CB-46CD-4ABB-9004-EBED09BE5EB2}.AppStore|iPhone.ActiveCfg = AppStore|iPhone
		{35F425CB-46CD-4ABB-9004-EBED09BE5EB2}.AppStore|iPhone.Build.0 = AppStore|iPhone
		{35F425CB-46CD-4ABB-9004-EBED09BE5EB2}.AppStore|iPhoneSimulator.ActiveCfg = AppStore|iPhoneSimulator
		{35F425CB-46CD-4ABB-9004-EBED09BE5EB2}.AppStore|iPhoneSimulator.Build.0 = AppStore|iPhoneSimulator
		{35F425CB-46CD-4ABB-9004-EBED09BE5EB2}.AppStore|x64.ActiveCfg = AppStore|iPhone
		{35F425CB-46CD-4ABB-9004-EBED09BE5EB2}.AppStore|x86.ActiveCfg = AppStore|iPhone
		{35F425CB-46CD-4ABB-9004-EBED09BE5EB2}.Debug|Any CPU.ActiveCfg = Debug|iPhone
		{35F425CB-46CD-4ABB-9004-EBED09BE5EB2}.Debug|ARM.ActiveCfg = Debug|iPhone
		{35F425CB-46CD-4ABB-9004-EBED09BE5EB2}.Debug|ARM64.ActiveCfg = Debug|iPhone
		{35F425CB-46CD-4ABB-9004-EBED09BE5EB2}.Debug|iPhone.ActiveCfg = Debug|iPhone
		{35F425CB-46CD-4ABB-9004-EBED09BE5EB2}.Debug|iPhone.Build.0 = Debug|iPhone
		{35F425CB-46CD-4ABB-9004-EBED09BE5EB2}.Debug|iPhoneSimulator.ActiveCfg = Debug|iPhoneSimulator
		{35F425CB-46CD-4ABB-9004-EBED09BE5EB2}.Debug|iPhoneSimulator.Build.0 = Debug|iPhoneSimulator
		{35F425CB-46CD-4ABB-9004-EBED09BE5EB2}.Debug|x64.ActiveCfg = Debug|iPhone
		{35F425CB-46CD-4ABB-9004-EBED09BE5EB2}.Debug|x86.ActiveCfg = Debug|iPhone
		{35F425CB-46CD-4ABB-9004-EBED09BE5EB2}.Release|Any CPU.ActiveCfg = Release|iPhone
		{35F425CB-46CD-4ABB-9004-EBED09BE5EB2}.Release|ARM.ActiveCfg = Release|iPhone
		{35F425CB-46CD-4ABB-9004-EBED09BE5EB2}.Release|ARM64.ActiveCfg = Release|iPhone
		{35F425CB-46CD-4ABB-9004-EBED09BE5EB2}.Release|iPhone.ActiveCfg = Release|iPhone
		{35F425CB-46CD-4ABB-9004-EBED09BE5EB2}.Release|iPhone.Build.0 = Release|iPhone
		{35F425CB-46CD-4ABB-9004-EBED09BE5EB2}.Release|iPhoneSimulator.ActiveCfg = Release|iPhoneSimulator
		{35F425CB-46CD-4ABB-9004-EBED09BE5EB2}.Release|iPhoneSimulator.Build.0 = Release|iPhoneSimulator
		{35F425CB-46CD-4ABB-9004-EBED09BE5EB2}.Release|x64.ActiveCfg = Release|iPhone
		{35F425CB-46CD-4ABB-9004-EBED09BE5EB2}.Release|x86.ActiveCfg = Release|iPhone
		{08D98A3F-9D96-417E-8691-9ABA9DB919DB}.Ad-Hoc|Any CPU.ActiveCfg = Debug|Any CPU
		{08D98A3F-9D96-417E-8691-9ABA9DB919DB}.Ad-Hoc|Any CPU.Build.0 = Debug|Any CPU
		{08D98A3F-9D96-417E-8691-9ABA9DB919DB}.Ad-Hoc|ARM.ActiveCfg = Debug|Any CPU
		{08D98A3F-9D96-417E-8691-9ABA9DB919DB}.Ad-Hoc|ARM.Build.0 = Debug|Any CPU
		{08D98A3F-9D96-417E-8691-9ABA9DB919DB}.Ad-Hoc|ARM64.ActiveCfg = Debug|Any CPU
		{08D98A3F-9D96-417E-8691-9ABA9DB919DB}.Ad-Hoc|ARM64.Build.0 = Debug|Any CPU
		{08D98A3F-9D96-417E-8691-9ABA9DB919DB}.Ad-Hoc|iPhone.ActiveCfg = Debug|Any CPU
		{08D98A3F-9D96-417E-8691-9ABA9DB919DB}.Ad-Hoc|iPhone.Build.0 = Debug|Any CPU
		{08D98A3F-9D96-417E-8691-9ABA9DB919DB}.Ad-Hoc|iPhoneSimulator.ActiveCfg = Debug|Any CPU
		{08D98A3F-9D96-417E-8691-9ABA9DB919DB}.Ad-Hoc|iPhoneSimulator.Build.0 = Debug|Any CPU
		{08D98A3F-9D96-417E-8691-9ABA9DB919DB}.Ad-Hoc|x64.ActiveCfg = Debug|Any CPU
		{08D98A3F-9D96-417E-8691-9ABA9DB919DB}.Ad-Hoc|x64.Build.0 = Debug|Any CPU
		{08D98A3F-9D96-417E-8691-9ABA9DB919DB}.Ad-Hoc|x86.ActiveCfg = Debug|Any CPU
		{08D98A3F-9D96-417E-8691-9ABA9DB919DB}.Ad-Hoc|x86.Build.0 = Debug|Any CPU
		{08D98A3F-9D96-417E-8691-9ABA9DB919DB}.AppStore|Any CPU.ActiveCfg = Debug|Any CPU
		{08D98A3F-9D96-417E-8691-9ABA9DB919DB}.AppStore|Any CPU.Build.0 = Debug|Any CPU
		{08D98A3F-9D96-417E-8691-9ABA9DB919DB}.AppStore|ARM.ActiveCfg = Debug|Any CPU
		{08D98A3F-9D96-417E-8691-9ABA9DB919DB}.AppStore|ARM.Build.0 = Debug|Any CPU
		{08D98A3F-9D96-417E-8691-9ABA9DB919DB}.AppStore|ARM64.ActiveCfg = Debug|Any CPU
		{08D98A3F-9D96-417E-8691-9ABA9DB919DB}.AppStore|ARM64.Build.0 = Debug|Any CPU
		{08D98A3F-9D96-417E-8691-9ABA9DB919DB}.AppStore|iPhone.ActiveCfg = Debug|Any CPU
		{08D98A3F-9D96-417E-8691-9ABA9DB919DB}.AppStore|iPhone.Build.0 = Debug|Any CPU
		{08D98A3F-9D96-417E-8691-9ABA9DB919DB}.AppStore|iPhoneSimulator.ActiveCfg = Debug|Any CPU
		{08D98A3F-9D96-417E-8691-9ABA9DB919DB}.AppStore|iPhoneSimulator.Build.0 = Debug|Any CPU
		{08D98A3F-9D96-417E-8691-9ABA9DB919DB}.AppStore|x64.ActiveCfg = Debug|Any CPU
		{08D98A3F-9D96-417E-8691-9ABA9DB919DB}.AppStore|x64.Build.0 = Debug|Any CPU
		{08D98A3F-9D96-417E-8691-9ABA9DB919DB}.AppStore|x86.ActiveCfg = Debug|Any CPU
		{08D98A3F-9D96-417E-8691-9ABA9DB919DB}.AppStore|x86.Build.0 = Debug|Any CPU
		{08D98A3F-9D96-417E-8691-9ABA9DB919DB}.Debug|Any CPU.ActiveCfg = Debug|Any CPU
		{08D98A3F-9D96-417E-8691-9ABA9DB919DB}.Debug|Any CPU.Build.0 = Debug|Any CPU
		{08D98A3F-9D96-417E-8691-9ABA9DB919DB}.Debug|ARM.ActiveCfg = Debug|Any CPU
		{08D98A3F-9D96-417E-8691-9ABA9DB919DB}.Debug|ARM.Build.0 = Debug|Any CPU
		{08D98A3F-9D96-417E-8691-9ABA9DB919DB}.Debug|ARM64.ActiveCfg = Debug|Any CPU
		{08D98A3F-9D96-417E-8691-9ABA9DB919DB}.Debug|ARM64.Build.0 = Debug|Any CPU
		{08D98A3F-9D96-417E-8691-9ABA9DB919DB}.Debug|iPhone.ActiveCfg = Debug|Any CPU
		{08D98A3F-9D96-417E-8691-9ABA9DB919DB}.Debug|iPhone.Build.0 = Debug|Any CPU
		{08D98A3F-9D96-417E-8691-9ABA9DB919DB}.Debug|iPhoneSimulator.ActiveCfg = Debug|Any CPU
		{08D98A3F-9D96-417E-8691-9ABA9DB919DB}.Debug|iPhoneSimulator.Build.0 = Debug|Any CPU
		{08D98A3F-9D96-417E-8691-9ABA9DB919DB}.Debug|x64.ActiveCfg = Debug|Any CPU
		{08D98A3F-9D96-417E-8691-9ABA9DB919DB}.Debug|x64.Build.0 = Debug|Any CPU
		{08D98A3F-9D96-417E-8691-9ABA9DB919DB}.Debug|x86.ActiveCfg = Debug|Any CPU
		{08D98A3F-9D96-417E-8691-9ABA9DB919DB}.Debug|x86.Build.0 = Debug|Any CPU
		{08D98A3F-9D96-417E-8691-9ABA9DB919DB}.Release|Any CPU.ActiveCfg = Release|Any CPU
		{08D98A3F-9D96-417E-8691-9ABA9DB919DB}.Release|Any CPU.Build.0 = Release|Any CPU
		{08D98A3F-9D96-417E-8691-9ABA9DB919DB}.Release|ARM.ActiveCfg = Release|Any CPU
		{08D98A3F-9D96-417E-8691-9ABA9DB919DB}.Release|ARM.Build.0 = Release|Any CPU
		{08D98A3F-9D96-417E-8691-9ABA9DB919DB}.Release|ARM64.ActiveCfg = Release|Any CPU
		{08D98A3F-9D96-417E-8691-9ABA9DB919DB}.Release|ARM64.Build.0 = Release|Any CPU
		{08D98A3F-9D96-417E-8691-9ABA9DB919DB}.Release|iPhone.ActiveCfg = Release|Any CPU
		{08D98A3F-9D96-417E-8691-9ABA9DB919DB}.Release|iPhone.Build.0 = Release|Any CPU
		{08D98A3F-9D96-417E-8691-9ABA9DB919DB}.Release|iPhoneSimulator.ActiveCfg = Release|Any CPU
		{08D98A3F-9D96-417E-8691-9ABA9DB919DB}.Release|iPhoneSimulator.Build.0 = Release|Any CPU
		{08D98A3F-9D96-417E-8691-9ABA9DB919DB}.Release|x64.ActiveCfg = Release|Any CPU
		{08D98A3F-9D96-417E-8691-9ABA9DB919DB}.Release|x64.Build.0 = Release|Any CPU
		{08D98A3F-9D96-417E-8691-9ABA9DB919DB}.Release|x86.ActiveCfg = Release|Any CPU
		{08D98A3F-9D96-417E-8691-9ABA9DB919DB}.Release|x86.Build.0 = Release|Any CPU
	EndGlobalSection
	GlobalSection(SolutionProperties) = preSolution
		HideSolutionNode = FALSE
	EndGlobalSection
	GlobalSection(NestedProjects) = preSolution
		{DEA278BF-B6BF-4331-96B7-CEDC9A4E39C3} = {9408F315-FA16-4156-98D4-7E2AC807802F}
		{F8768DB2-5B7F-49FB-8D42-3CD395A24C14} = {9408F315-FA16-4156-98D4-7E2AC807802F}
		{F373195B-C6C8-4AC8-B359-FF8BE4D1DFA5} = {9408F315-FA16-4156-98D4-7E2AC807802F}
		{C1DA2401-FA7B-492D-8C28-B49F83BB7B58} = {7B080CF9-D617-4BC0-A6B7-2822B6D6A8E4}
		{5336E020-94CE-463D-A157-92C876FF65FF} = {7B080CF9-D617-4BC0-A6B7-2822B6D6A8E4}
		{103B80AB-BC00-4415-AF9F-2A1023FECFE6} = {7B080CF9-D617-4BC0-A6B7-2822B6D6A8E4}
		{35F425CB-46CD-4ABB-9004-EBED09BE5EB2} = {7B080CF9-D617-4BC0-A6B7-2822B6D6A8E4}
		{08D98A3F-9D96-417E-8691-9ABA9DB919DB} = {9408F315-FA16-4156-98D4-7E2AC807802F}
	EndGlobalSection
	GlobalSection(ExtensibilityGlobals) = postSolution
		SolutionGuid = {080A9A0B-F5AA-422E-B316-9BB6AE1FC8A2}
	EndGlobalSection
EndGlobal
